
Microsoft Visual Studio Solution File, Format Version 12.00
# Visual Studio Version 16
VisualStudioVersion = 16.0.31410.357
MinimumVisualStudioVersion = 10.0.40219.1
Project("{FAE04EC0-301F-11D3-BF4B-00C04F79EFBC}") = "NewToDo.UWP", "NewToDo.UWP\NewToDo.UWP.csproj", "{96AE274B-6CE8-4A4F-A1CB-03091D88BB2A}"
EndProject
Project("{FAE04EC0-301F-11D3-BF4B-00C04F79EFBC}") = "NewToDo.Android", "NewToDo.Android\NewToDo.Android.csproj", "{0EE19AD5-F29E-4D35-A0ED-ED61E6AEC805}"
EndProject
Project("{FAE04EC0-301F-11D3-BF4B-00C04F79EFBC}") = "NewToDo.iOS", "NewToDo.iOS\NewToDo.iOS.csproj", "{5E46BD9D-6867-4177-80F4-6996784C4B2E}"
EndProject
Project("{FAE04EC0-301F-11D3-BF4B-00C04F79EFBC}") = "NewToDo", "NewToDo\NewToDo.csproj", "{938A979F-0470-48A0-BD2A-D15A4021102F}"
EndProject
Global
	GlobalSection(SolutionConfigurationPlatforms) = preSolution
		Debug|Any CPU = Debug|Any CPU
		Debug|ARM = Debug|ARM
		Debug|iPhone = Debug|iPhone
		Debug|iPhoneSimulator = Debug|iPhoneSimulator
		Debug|x64 = Debug|x64
		Debug|x86 = Debug|x86
		Release|Any CPU = Release|Any CPU
		Release|ARM = Release|ARM
		Release|iPhone = Release|iPhone
		Release|iPhoneSimulator = Release|iPhoneSimulator
		Release|x64 = Release|x64
		Release|x86 = Release|x86
	EndGlobalSection
	GlobalSection(ProjectConfigurationPlatforms) = postSolution
		{96AE274B-6CE8-4A4F-A1CB-03091D88BB2A}.Debug|Any CPU.ActiveCfg = Debug|x86
		{96AE274B-6CE8-4A4F-A1CB-03091D88BB2A}.Debug|Any CPU.Build.0 = Debug|x86
		{96AE274B-6CE8-4A4F-A1CB-03091D88BB2A}.Debug|Any CPU.Deploy.0 = Debug|x86
		{96AE274B-6CE8-4A4F-A1CB-03091D88BB2A}.Debug|ARM.ActiveCfg = Debug|ARM
		{96AE274B-6CE8-4A4F-A1CB-03091D88BB2A}.Debug|ARM.Build.0 = Debug|ARM
		{96AE274B-6CE8-4A4F-A1CB-03091D88BB2A}.Debug|ARM.Deploy.0 = Debug|ARM
		{96AE274B-6CE8-4A4F-A1CB-03091D88BB2A}.Debug|iPhone.ActiveCfg = Debug|x86
		{96AE274B-6CE8-4A4F-A1CB-03091D88BB2A}.Debug|iPhone.Build.0 = Debug|x86
		{96AE274B-6CE8-4A4F-A1CB-03091D88BB2A}.Debug|iPhone.Deploy.0 = Debug|x86
		{96AE274B-6CE8-4A4F-A1CB-03091D88BB2A}.Debug|iPhoneSimulator.ActiveCfg = Debug|x86
		{96AE274B-6CE8-4A4F-A1CB-03091D88BB2A}.Debug|iPhoneSimulator.Build.0 = Debug|x86
		{96AE274B-6CE8-4A4F-A1CB-03091D88BB2A}.Debug|iPhoneSimulator.Deploy.0 = Debug|x86
		{96AE274B-6CE8-4A4F-A1CB-03091D88BB2A}.Debug|x64.ActiveCfg = Debug|x64
		{96AE274B-6CE8-4A4F-A1CB-03091D88BB2A}.Debug|x64.Build.0 = Debug|x64
		{96AE274B-6CE8-4A4F-A1CB-03091D88BB2A}.Debug|x64.Deploy.0 = Debug|x64
		{96AE274B-6CE8-4A4F-A1CB-03091D88BB2A}.Debug|x86.ActiveCfg = Debug|x86
		{96AE274B-6CE8-4A4F-A1CB-03091D88BB2A}.Debug|x86.Build.0 = Debug|x86
		{96AE274B-6CE8-4A4F-A1CB-03091D88BB2A}.Debug|x86.Deploy.0 = Debug|x86
		{96AE274B-6CE8-4A4F-A1CB-03091D88BB2A}.Release|Any CPU.ActiveCfg = Release|x86
		{96AE274B-6CE8-4A4F-A1CB-03091D88BB2A}.Release|Any CPU.Build.0 = Release|x86
		{96AE274B-6CE8-4A4F-A1CB-03091D88BB2A}.Release|Any CPU.Deploy.0 = Release|x86
		{96AE274B-6CE8-4A4F-A1CB-03091D88BB2A}.Release|ARM.ActiveCfg = Release|ARM
		{96AE274B-6CE8-4A4F-A1CB-03091D88BB2A}.Release|ARM.Build.0 = Release|ARM
		{96AE274B-6CE8-4A4F-A1CB-03091D88BB2A}.Release|ARM.Deploy.0 = Release|ARM
		{96AE274B-6CE8-4A4F-A1CB-03091D88BB2A}.Release|iPhone.ActiveCfg = Release|x86
		{96AE274B-6CE8-4A4F-A1CB-03091D88BB2A}.Release|iPhone.Build.0 = Release|x86
		{96AE274B-6CE8-4A4F-A1CB-03091D88BB2A}.Release|iPhone.Deploy.0 = Release|x86
		{96AE274B-6CE8-4A4F-A1CB-03091D88BB2A}.Release|iPhoneSimulator.ActiveCfg = Release|x86
		{96AE274B-6CE8-4A4F-A1CB-03091D88BB2A}.Release|iPhoneSimulator.Build.0 = Release|x86
		{96AE274B-6CE8-4A4F-A1CB-03091D88BB2A}.Release|iPhoneSimulator.Deploy.0 = Release|x86
		{96AE274B-6CE8-4A4F-A1CB-03091D88BB2A}.Release|x64.ActiveCfg = Release|x64
		{96AE274B-6CE8-4A4F-A1CB-03091D88BB2A}.Release|x64.Build.0 = Release|x64
		{96AE274B-6CE8-4A4F-A1CB-03091D88BB2A}.Release|x64.Deploy.0 = Release|x64
		{96AE274B-6CE8-4A4F-A1CB-03091D88BB2A}.Release|x86.ActiveCfg = Release|x86
		{96AE274B-6CE8-4A4F-A1CB-03091D88BB2A}.Release|x86.Build.0 = Release|x86
		{96AE274B-6CE8-4A4F-A1CB-03091D88BB2A}.Release|x86.Deploy.0 = Release|x86
		{0EE19AD5-F29E-4D35-A0ED-ED61E6AEC805}.Debug|Any CPU.ActiveCfg = Debug|Any CPU
		{0EE19AD5-F29E-4D35-A0ED-ED61E6AEC805}.Debug|Any CPU.Build.0 = Debug|Any CPU
		{0EE19AD5-F29E-4D35-A0ED-ED61E6AEC805}.Debug|Any CPU.Deploy.0 = Debug|Any CPU
		{0EE19AD5-F29E-4D35-A0ED-ED61E6AEC805}.Debug|ARM.ActiveCfg = Debug|Any CPU
		{0EE19AD5-F29E-4D35-A0ED-ED61E6AEC805}.Debug|ARM.Build.0 = Debug|Any CPU
		{0EE19AD5-F29E-4D35-A0ED-ED61E6AEC805}.Debug|ARM.Deploy.0 = Debug|Any CPU
		{0EE19AD5-F29E-4D35-A0ED-ED61E6AEC805}.Debug|iPhone.ActiveCfg = Debug|Any CPU
		{0EE19AD5-F29E-4D35-A0ED-ED61E6AEC805}.Debug|iPhone.Build.0 = Debug|Any CPU
		{0EE19AD5-F29E-4D35-A0ED-ED61E6AEC805}.Debug|iPhone.Deploy.0 = Debug|Any CPU
		{0EE19AD5-F29E-4D35-A0ED-ED61E6AEC805}.Debug|iPhoneSimulator.ActiveCfg = Debug|Any CPU
		{0EE19AD5-F29E-4D35-A0ED-ED61E6AEC805}.Debug|iPhoneSimulator.Build.0 = Debug|Any CPU
		{0EE19AD5-F29E-4D35-A0ED-ED61E6AEC805}.Debug|iPhoneSimulator.Deploy.0 = Debug|Any CPU
		{0EE19AD5-F29E-4D35-A0ED-ED61E6AEC805}.Debug|x64.ActiveCfg = Debug|Any CPU
		{0EE19AD5-F29E-4D35-A0ED-ED61E6AEC805}.Debug|x64.Build.0 = Debug|Any CPU
		{0EE19AD5-F29E-4D35-A0ED-ED61E6AEC805}.Debug|x64.Deploy.0 = Debug|Any CPU
		{0EE19AD5-F29E-4D35-A0ED-ED61E6AEC805}.Debug|x86.ActiveCfg = Debug|Any CPU
		{0EE19AD5-F29E-4D35-A0ED-ED61E6AEC805}.Debug|x86.Build.0 = Debug|Any CPU
		{0EE19AD5-F29E-4D35-A0ED-ED61E6AEC805}.Debug|x86.Deploy.0 = Debug|Any CPU
		{0EE19AD5-F29E-4D35-A0ED-ED61E6AEC805}.Release|Any CPU.ActiveCfg = Release|Any CPU
		{0EE19AD5-F29E-4D35-A0ED-ED61E6AEC805}.Release|Any CPU.Build.0 = Release|Any CPU
		{0EE19AD5-F29E-4D35-A0ED-ED61E6AEC805}.Release|Any CPU.Deploy.0 = Release|Any CPU
		{0EE19AD5-F29E-4D35-A0ED-ED61E6AEC805}.Release|ARM.ActiveCfg = Release|Any CPU
		{0EE19AD5-F29E-4D35-A0ED-ED61E6AEC805}.Release|ARM.Build.0 = Release|Any CPU
		{0EE19AD5-F29E-4D35-A0ED-ED61E6AEC805}.Release|ARM.Deploy.0 = Release|Any CPU
		{0EE19AD5-F29E-4D35-A0ED-ED61E6AEC805}.Release|iPhone.ActiveCfg = Release|Any CPU
		{0EE19AD5-F29E-4D35-A0ED-ED61E6AEC805}.Release|iPhone.Build.0 = Release|Any CPU
		{0EE19AD5-F29E-4D35-A0ED-ED61E6AEC805}.Release|iPhone.Deploy.0 = Release|Any CPU
		{0EE19AD5-F29E-4D35-A0ED-ED61E6AEC805}.Release|iPhoneSimulator.ActiveCfg = Release|Any CPU
		{0EE19AD5-F29E-4D35-A0ED-ED61E6AEC805}.Release|iPhoneSimulator.Build.0 = Release|Any CPU
		{0EE19AD5-F29E-4D35-A0ED-ED61E6AEC805}.Release|iPhoneSimulator.Deploy.0 = Release|Any CPU
		{0EE19AD5-F29E-4D35-A0ED-ED61E6AEC805}.Release|x64.ActiveCfg = Release|Any CPU
		{0EE19AD5-F29E-4D35-A0ED-ED61E6AEC805}.Release|x64.Build.0 = Release|Any CPU
		{0EE19AD5-F29E-4D35-A0ED-ED61E6AEC805}.Release|x64.Deploy.0 = Release|Any CPU
		{0EE19AD5-F29E-4D35-A0ED-ED61E6AEC805}.Release|x86.ActiveCfg = Release|Any CPU
		{0EE19AD5-F29E-4D35-A0ED-ED61E6AEC805}.Release|x86.Build.0 = Release|Any CPU
		{0EE19AD5-F29E-4D35-A0ED-ED61E6AEC805}.Release|x86.Deploy.0 = Release|Any CPU
		{5E46BD9D-6867-4177-80F4-6996784C4B2E}.Debug|Any CPU.ActiveCfg = Debug|iPhoneSimulator
		{5E46BD9D-6867-4177-80F4-6996784C4B2E}.Debug|Any CPU.Build.0 = Debug|iPhoneSimulator
		{5E46BD9D-6867-4177-80F4-6996784C4B2E}.Debug|Any CPU.Deploy.0 = Debug|iPhoneSimulator
		{5E46BD9D-6867-4177-80F4-6996784C4B2E}.Debug|ARM.ActiveCfg = Debug|iPhone
		{5E46BD9D-6867-4177-80F4-6996784C4B2E}.Debug|ARM.Build.0 = Debug|iPhone
		{5E46BD9D-6867-4177-80F4-6996784C4B2E}.Debug|ARM.Deploy.0 = Debug|iPhone
		{5E46BD9D-6867-4177-80F4-6996784C4B2E}.Debug|iPhone.ActiveCfg = Debug|iPhone
		{5E46BD9D-6867-4177-80F4-6996784C4B2E}.Debug|iPhone.Build.0 = Debug|iPhone
		{5E46BD9D-6867-4177-80F4-6996784C4B2E}.Debug|iPhone.Deploy.0 = Debug|iPhone
		{5E46BD9D-6867-4177-80F4-6996784C4B2E}.Debug|iPhoneSimulator.ActiveCfg = Debug|iPhoneSimulator
		{5E46BD9D-6867-4177-80F4-6996784C4B2E}.Debug|iPhoneSimulator.Build.0 = Debug|iPhoneSimulator
		{5E46BD9D-6867-4177-80F4-6996784C4B2E}.Debug|iPhoneSimulator.Deploy.0 = Debug|iPhoneSimulator
		{5E46BD9D-6867-4177-80F4-6996784C4B2E}.Debug|x64.ActiveCfg = Debug|iPhoneSimulator
		{5E46BD9D-6867-4177-80F4-6996784C4B2E}.Debug|x64.Build.0 = Debug|iPhoneSimulator
		{5E46BD9D-6867-4177-80F4-6996784C4B2E}.Debug|x64.Deploy.0 = Debug|iPhoneSimulator
		{5E46BD9D-6867-4177-80F4-6996784C4B2E}.Debug|x86.ActiveCfg = Debug|iPhoneSimulator
		{5E46BD9D-6867-4177-80F4-6996784C4B2E}.Debug|x86.Build.0 = Debug|iPhoneSimulator
		{5E46BD9D-6867-4177-80F4-6996784C4B2E}.Debug|x86.Deploy.0 = Debug|iPhoneSimulator
		{5E46BD9D-6867-4177-80F4-6996784C4B2E}.Release|Any CPU.ActiveCfg = Release|iPhoneSimulator
		{5E46BD9D-6867-4177-80F4-6996784C4B2E}.Release|Any CPU.Build.0 = Release|iPhoneSimulator
		{5E46BD9D-6867-4177-80F4-6996784C4B2E}.Release|Any CPU.Deploy.0 = Release|iPhoneSimulator
		{5E46BD9D-6867-4177-80F4-6996784C4B2E}.Release|ARM.ActiveCfg = Release|iPhoneSimulator
		{5E46BD9D-6867-4177-80F4-6996784C4B2E}.Release|ARM.Build.0 = Release|iPhoneSimulator
		{5E46BD9D-6867-4177-80F4-6996784C4B2E}.Release|ARM.Deploy.0 = Release|iPhoneSimulator
		{5E46BD9D-6867-4177-80F4-6996784C4B2E}.Release|iPhone.ActiveCfg = Release|iPhone
		{5E46BD9D-6867-4177-80F4-6996784C4B2E}.Release|iPhone.Build.0 = Release|iPhone
		{5E46BD9D-6867-4177-80F4-6996784C4B2E}.Release|iPhone.Deploy.0 = Release|iPhone
		{5E46BD9D-6867-4177-80F4-6996784C4B2E}.Release|iPhoneSimulator.ActiveCfg = Release|iPhoneSimulator
		{5E46BD9D-6867-4177-80F4-6996784C4B2E}.Release|iPhoneSimulator.Build.0 = Release|iPhoneSimulator
		{5E46BD9D-6867-4177-80F4-6996784C4B2E}.Release|iPhoneSimulator.Deploy.0 = Release|iPhoneSimulator
		{5E46BD9D-6867-4177-80F4-6996784C4B2E}.Release|x64.ActiveCfg = Release|iPhoneSimulator
		{5E46BD9D-6867-4177-80F4-6996784C4B2E}.Release|x64.Build.0 = Release|iPhoneSimulator
		{5E46BD9D-6867-4177-80F4-6996784C4B2E}.Release|x64.Deploy.0 = Release|iPhoneSimulator
		{5E46BD9D-6867-4177-80F4-6996784C4B2E}.Release|x86.ActiveCfg = Release|iPhoneSimulator
		{5E46BD9D-6867-4177-80F4-6996784C4B2E}.Release|x86.Build.0 = Release|iPhoneSimulator
		{5E46BD9D-6867-4177-80F4-6996784C4B2E}.Release|x86.Deploy.0 = Release|iPhoneSimulator
		{938A979F-0470-48A0-BD2A-D15A4021102F}.Debug|Any CPU.ActiveCfg = Debug|Any CPU
		{938A979F-0470-48A0-BD2A-D15A4021102F}.Debug|Any CPU.Build.0 = Debug|Any CPU
		{938A979F-0470-48A0-BD2A-D15A4021102F}.Debug|Any CPU.Deploy.0 = Debug|Any CPU
		{938A979F-0470-48A0-BD2A-D15A4021102F}.Debug|ARM.ActiveCfg = Debug|Any CPU
		{938A979F-0470-48A0-BD2A-D15A4021102F}.Debug|ARM.Build.0 = Debug|Any CPU
		{938A979F-0470-48A0-BD2A-D15A4021102F}.Debug|ARM.Deploy.0 = Debug|Any CPU
		{938A979F-0470-48A0-BD2A-D15A4021102F}.Debug|iPhone.ActiveCfg = Debug|Any CPU
		{938A979F-0470-48A0-BD2A-D15A4021102F}.Debug|iPhone.Build.0 = Debug|Any CPU
		{938A979F-0470-48A0-BD2A-D15A4021102F}.Debug|iPhone.Deploy.0 = Debug|Any CPU
		{938A979F-0470-48A0-BD2A-D15A4021102F}.Debug|iPhoneSimulator.ActiveCfg = Debug|Any CPU
		{938A979F-0470-48A0-BD2A-D15A4021102F}.Debug|iPhoneSimulator.Build.0 = Debug|Any CPU
		{938A979F-0470-48A0-BD2A-D15A4021102F}.Debug|iPhoneSimulator.Deploy.0 = Debug|Any CPU
		{938A979F-0470-48A0-BD2A-D15A4021102F}.Debug|x64.ActiveCfg = Debug|Any CPU
		{938A979F-0470-48A0-BD2A-D15A4021102F}.Debug|x64.Build.0 = Debug|Any CPU
		{938A979F-0470-48A0-BD2A-D15A4021102F}.Debug|x64.Deploy.0 = Debug|Any CPU
		{938A979F-0470-48A0-BD2A-D15A4021102F}.Debug|x86.ActiveCfg = Debug|Any CPU
		{938A979F-0470-48A0-BD2A-D15A4021102F}.Debug|x86.Build.0 = Debug|Any CPU
		{938A979F-0470-48A0-BD2A-D15A4021102F}.Debug|x86.Deploy.0 = Debug|Any CPU
		{938A979F-0470-48A0-BD2A-D15A4021102F}.Release|Any CPU.ActiveCfg = Release|Any CPU
		{938A979F-0470-48A0-BD2A-D15A4021102F}.Release|Any CPU.Build.0 = Release|Any CPU
		{938A979F-0470-48A0-BD2A-D15A4021102F}.Release|Any CPU.Deploy.0 = Release|Any CPU
		{938A979F-0470-48A0-BD2A-D15A4021102F}.Release|ARM.ActiveCfg = Release|Any CPU
		{938A979F-0470-48A0-BD2A-D15A4021102F}.Release|ARM.Build.0 = Release|Any CPU
		{938A979F-0470-48A0-BD2A-D15A4021102F}.Release|ARM.Deploy.0 = Release|Any CPU
		{938A979F-0470-48A0-BD2A-D15A4021102F}.Release|iPhone.ActiveCfg = Release|Any CPU
		{938A979F-0470-48A0-BD2A-D15A4021102F}.Release|iPhone.Build.0 = Release|Any CPU
		{938A979F-0470-48A0-BD2A-D15A4021102F}.Release|iPhone.Deploy.0 = Release|Any CPU
		{938A979F-0470-48A0-BD2A-D15A4021102F}.Release|iPhoneSimulator.ActiveCfg = Release|Any CPU
		{938A979F-0470-48A0-BD2A-D15A4021102F}.Release|iPhoneSimulator.Build.0 = Release|Any CPU
		{938A979F-0470-48A0-BD2A-D15A4021102F}.Release|iPhoneSimulator.Deploy.0 = Release|Any CPU
		{938A979F-0470-48A0-BD2A-D15A4021102F}.Release|x64.ActiveCfg = Release|Any CPU
		{938A979F-0470-48A0-BD2A-D15A4021102F}.Release|x64.Build.0 = Release|Any CPU
		{938A979F-0470-48A0-BD2A-D15A4021102F}.Release|x64.Deploy.0 = Release|Any CPU
		{938A979F-0470-48A0-BD2A-D15A4021102F}.Release|x86.ActiveCfg = Release|Any CPU
		{938A979F-0470-48A0-BD2A-D15A4021102F}.Release|x86.Build.0 = Release|Any CPU
		{938A979F-0470-48A0-BD2A-D15A4021102F}.Release|x86.Deploy.0 = Release|Any CPU
	EndGlobalSection
	GlobalSection(SolutionProperties) = preSolution
		HideSolutionNode = FALSE
	EndGlobalSection
	GlobalSection(ExtensibilityGlobals) = postSolution
		SolutionGuid = {66214008-7F68-4ACA-9711-9221D6CBB961}
	EndGlobalSection
EndGlobal
